# This file is autogenerated, do not edit; changes may be undone by the next 'dep ensure'.


[[projects]]
  branch = "master"
  name = "github.com/computes/go-debug"
  packages = ["."]
  revision = "7cb67a40409f4bbd31b6d0e8eb8b662bbdd3e252"

[[projects]]
  name = "github.com/computes/go-test-server"
  packages = ["."]
  revision = "9db0575c75cd1c28bc0a01cd51ef75370af16fb3"
  version = "v1.2.2"

[[projects]]
  name = "github.com/pkg/errors"
  packages = ["."]
  revision = "645ef00459ed84a119197bfb8d8205042c6df63d"
  version = "v0.8.0"

[solve-meta]
  analyzer-name = "dep"
  analyzer-version = 1
  inputs-digest = "646a78cec3815810f37603556f266ee0613fe6739de0f8421c34aaa1030d0ca0"
  solver-name = "gps-cdcl"
  solver-version = 1
