# This file is autogenerated, do not edit; changes may be undone by the next 'dep ensure'.


[[projects]]
  branch = "master"
  name = "github.com/computes/go-debug"
  packages = ["."]
  revision = "7cb67a40409f4bbd31b6d0e8eb8b662bbdd3e252"

[[projects]]
  name = "github.com/computes/go-test-server"
  packages = ["."]
  revision = "48c8186100c97da8282f068008c154380e64ed72"
  version = "v1.1.0"

[solve-meta]
  analyzer-name = "dep"
  analyzer-version = 1
  inputs-digest = "e4a9852b44615a60b2c149ec605fcb041ce471146e7fa1acb1bc08d45c99d43a"
  solver-name = "gps-cdcl"
  solver-version = 1
